Microsoft Visual Studio Solution File, Format Version 12.00
# Visual Studio 2012
Project("{FAE04EC0-301F-11D3-BF4B-00C04F79EFBC}") = "fitSharp", "source\fitSharp\fitSharp.csproj", "{204FF2CD-475F-4C6E-A6B5-6779364B33F8}"
EndProject
Project("{FAE04EC0-301F-11D3-BF4B-00C04F79EFBC}") = "fitSharpTest", "source\fitSharpTest\fitSharpTest.csproj", "{8C5E0127-E52C-46B7-B253-BD88F5F29034}"
EndProject
Project("{FAE04EC0-301F-11D3-BF4B-00C04F79EFBC}") = "TestTarget", "source\TestTarget\TestTarget.csproj", "{AB8D0BCD-06A7-4152-88CA-41171F38038F}"
EndProject
Project("{FAE04EC0-301F-11D3-BF4B-00C04F79EFBC}") = "Runner", "source\Runner\Runner.csproj", "{05ACF0B5-7F47-407B-B185-AEA522919B9E}"
EndProject
Project("{FAE04EC0-301F-11D3-BF4B-00C04F79EFBC}") = "Samples", "source\Samples\Samples.csproj", "{A2546656-E446-4EF3-90DF-B958045F217C}"
EndProject
Project("{FAE04EC0-301F-11D3-BF4B-00C04F79EFBC}") = "fitTest", "source\fitTest\fitTest.csproj", "{7B300228-38B3-49B8-BB50-54E243DA31BA}"
EndProject
Project("{FAE04EC0-301F-11D3-BF4B-00C04F79EFBC}") = "fit", "source\fit\fit.csproj", "{C83FBAF8-9569-406B-A75A-56BC7D993ABC}"
EndProject
Project("{FAE04EC0-301F-11D3-BF4B-00C04F79EFBC}") = "RunnerW", "source\RunnerW\RunnerW.csproj", "{31ED0672-3C3C-421B-89C2-A23AB62FFDBD}"
EndProject
Project("{FAE04EC0-301F-11D3-BF4B-00C04F79EFBC}") = "dbfit", "source\dbfit\dbfit.csproj", "{87CB489E-7C38-4E50-BBE7-23229CF7D58C}"
EndProject
Project("{FAE04EC0-301F-11D3-BF4B-00C04F79EFBC}") = "dbfitTest", "source\dbfitTest\dbfitTest.csproj", "{7DA5FEC9-293B-4988-900C-2822F54D462E}"
EndProject
Project("{FAE04EC0-301F-11D3-BF4B-00C04F79EFBC}") = "dbfitSqlServer", "source\dbfitSqlServer\dbfitSqlServer.csproj", "{CD6AFAC1-097D-4B7F-AAA5-D8DEA23F21F5}"
EndProject
Project("{FAE04EC0-301F-11D3-BF4B-00C04F79EFBC}") = "dbfitOracle", "source\dbfitOracle\dbfitOracle.csproj", "{E60C59D8-84BC-4C69-802F-26C62A0CF0F4}"
EndProject
Project("{FAE04EC0-301F-11D3-BF4B-00C04F79EFBC}") = "dbfitSybase", "source\dbfitSybase\dbfitSybase.csproj", "{33B34718-6151-4D91-B27F-EB8FD64CB66B}"
EndProject
Project("{FAE04EC0-301F-11D3-BF4B-00C04F79EFBC}") = "dbfitMySql", "source\dbfitMySql\dbfitMySql.csproj", "{BCC642FC-1459-47E4-985E-AA6BFE10A6E5}"
EndProject
Project("{FAE04EC0-301F-11D3-BF4B-00C04F79EFBC}") = "fitIf0", "source\fitIf0\fitIf0.csproj", "{C60E1405-C544-4EFC-B742-C7A714B94773}"
EndProject
Project("{FAE04EC0-301F-11D3-BF4B-00C04F79EFBC}") = "fitIf1", "source\fitIf1\fitIf1.csproj", "{E28CD081-F502-4082-99FA-12A8D9CF31C3}"
EndProject
Global
	GlobalSection(SolutionConfigurationPlatforms) = preSolution
		Debug|Any CPU = Debug|Any CPU
		Release|Any CPU = Release|Any CPU
	EndGlobalSection
	GlobalSection(ProjectConfigurationPlatforms) = postSolution
		{204FF2CD-475F-4C6E-A6B5-6779364B33F8}.Debug|Any CPU.ActiveCfg = Debug|Any CPU
		{204FF2CD-475F-4C6E-A6B5-6779364B33F8}.Debug|Any CPU.Build.0 = Debug|Any CPU
		{204FF2CD-475F-4C6E-A6B5-6779364B33F8}.Release|Any CPU.ActiveCfg = Release|Any CPU
		{204FF2CD-475F-4C6E-A6B5-6779364B33F8}.Release|Any CPU.Build.0 = Release|Any CPU
		{8C5E0127-E52C-46B7-B253-BD88F5F29034}.Debug|Any CPU.ActiveCfg = Debug|Any CPU
		{8C5E0127-E52C-46B7-B253-BD88F5F29034}.Debug|Any CPU.Build.0 = Debug|Any CPU
		{8C5E0127-E52C-46B7-B253-BD88F5F29034}.Release|Any CPU.ActiveCfg = Release|Any CPU
		{8C5E0127-E52C-46B7-B253-BD88F5F29034}.Release|Any CPU.Build.0 = Release|Any CPU
		{AB8D0BCD-06A7-4152-88CA-41171F38038F}.Debug|Any CPU.ActiveCfg = Debug|Any CPU
		{AB8D0BCD-06A7-4152-88CA-41171F38038F}.Debug|Any CPU.Build.0 = Debug|Any CPU
		{AB8D0BCD-06A7-4152-88CA-41171F38038F}.Release|Any CPU.ActiveCfg = Release|Any CPU
		{AB8D0BCD-06A7-4152-88CA-41171F38038F}.Release|Any CPU.Build.0 = Release|Any CPU
		{05ACF0B5-7F47-407B-B185-AEA522919B9E}.Debug|Any CPU.ActiveCfg = Debug|Any CPU
		{05ACF0B5-7F47-407B-B185-AEA522919B9E}.Debug|Any CPU.Build.0 = Debug|Any CPU
		{05ACF0B5-7F47-407B-B185-AEA522919B9E}.Release|Any CPU.ActiveCfg = Release|Any CPU
		{05ACF0B5-7F47-407B-B185-AEA522919B9E}.Release|Any CPU.Build.0 = Release|Any CPU
		{A2546656-E446-4EF3-90DF-B958045F217C}.Debug|Any CPU.ActiveCfg = Debug|Any CPU
		{A2546656-E446-4EF3-90DF-B958045F217C}.Debug|Any CPU.Build.0 = Debug|Any CPU
		{A2546656-E446-4EF3-90DF-B958045F217C}.Release|Any CPU.ActiveCfg = Release|Any CPU
		{A2546656-E446-4EF3-90DF-B958045F217C}.Release|Any CPU.Build.0 = Release|Any CPU
		{7B300228-38B3-49B8-BB50-54E243DA31BA}.Debug|Any CPU.ActiveCfg = Debug|Any CPU
		{7B300228-38B3-49B8-BB50-54E243DA31BA}.Debug|Any CPU.Build.0 = Debug|Any CPU
		{7B300228-38B3-49B8-BB50-54E243DA31BA}.Release|Any CPU.ActiveCfg = Release|Any CPU
		{7B300228-38B3-49B8-BB50-54E243DA31BA}.Release|Any CPU.Build.0 = Release|Any CPU
		{C83FBAF8-9569-406B-A75A-56BC7D993ABC}.Debug|Any CPU.ActiveCfg = Debug|Any CPU
		{C83FBAF8-9569-406B-A75A-56BC7D993ABC}.Debug|Any CPU.Build.0 = Debug|Any CPU
		{C83FBAF8-9569-406B-A75A-56BC7D993ABC}.Release|Any CPU.ActiveCfg = Release|Any CPU
		{C83FBAF8-9569-406B-A75A-56BC7D993ABC}.Release|Any CPU.Build.0 = Release|Any CPU
		{31ED0672-3C3C-421B-89C2-A23AB62FFDBD}.Debug|Any CPU.ActiveCfg = Debug|Any CPU
		{31ED0672-3C3C-421B-89C2-A23AB62FFDBD}.Debug|Any CPU.Build.0 = Debug|Any CPU
		{31ED0672-3C3C-421B-89C2-A23AB62FFDBD}.Release|Any CPU.ActiveCfg = Release|Any CPU
		{31ED0672-3C3C-421B-89C2-A23AB62FFDBD}.Release|Any CPU.Build.0 = Release|Any CPU
		{87CB489E-7C38-4E50-BBE7-23229CF7D58C}.Debug|Any CPU.ActiveCfg = Debug|Any CPU
		{87CB489E-7C38-4E50-BBE7-23229CF7D58C}.Debug|Any CPU.Build.0 = Debug|Any CPU
		{87CB489E-7C38-4E50-BBE7-23229CF7D58C}.Release|Any CPU.ActiveCfg = Release|Any CPU
		{87CB489E-7C38-4E50-BBE7-23229CF7D58C}.Release|Any CPU.Build.0 = Release|Any CPU
		{7DA5FEC9-293B-4988-900C-2822F54D462E}.Debug|Any CPU.ActiveCfg = Debug|Any CPU
		{7DA5FEC9-293B-4988-900C-2822F54D462E}.Debug|Any CPU.Build.0 = Debug|Any CPU
		{7DA5FEC9-293B-4988-900C-2822F54D462E}.Release|Any CPU.ActiveCfg = Release|Any CPU
		{7DA5FEC9-293B-4988-900C-2822F54D462E}.Release|Any CPU.Build.0 = Release|Any CPU
		{CD6AFAC1-097D-4B7F-AAA5-D8DEA23F21F5}.Debug|Any CPU.ActiveCfg = Debug|Any CPU
		{CD6AFAC1-097D-4B7F-AAA5-D8DEA23F21F5}.Debug|Any CPU.Build.0 = Debug|Any CPU
		{CD6AFAC1-097D-4B7F-AAA5-D8DEA23F21F5}.Release|Any CPU.ActiveCfg = Release|Any CPU
		{CD6AFAC1-097D-4B7F-AAA5-D8DEA23F21F5}.Release|Any CPU.Build.0 = Release|Any CPU
		{E60C59D8-84BC-4C69-802F-26C62A0CF0F4}.Debug|Any CPU.ActiveCfg = Debug|Any CPU
		{E60C59D8-84BC-4C69-802F-26C62A0CF0F4}.Debug|Any CPU.Build.0 = Debug|Any CPU
		{E60C59D8-84BC-4C69-802F-26C62A0CF0F4}.Release|Any CPU.ActiveCfg = Release|Any CPU
		{E60C59D8-84BC-4C69-802F-26C62A0CF0F4}.Release|Any CPU.Build.0 = Release|Any CPU
		{33B34718-6151-4D91-B27F-EB8FD64CB66B}.Debug|Any CPU.ActiveCfg = Debug|Any CPU
		{33B34718-6151-4D91-B27F-EB8FD64CB66B}.Debug|Any CPU.Build.0 = Debug|Any CPU
		{33B34718-6151-4D91-B27F-EB8FD64CB66B}.Release|Any CPU.ActiveCfg = Release|Any CPU
		{33B34718-6151-4D91-B27F-EB8FD64CB66B}.Release|Any CPU.Build.0 = Release|Any CPU
		{BCC642FC-1459-47E4-985E-AA6BFE10A6E5}.Debug|Any CPU.ActiveCfg = Debug|Any CPU
		{BCC642FC-1459-47E4-985E-AA6BFE10A6E5}.Debug|Any CPU.Build.0 = Debug|Any CPU
		{BCC642FC-1459-47E4-985E-AA6BFE10A6E5}.Release|Any CPU.ActiveCfg = Release|Any CPU
		{BCC642FC-1459-47E4-985E-AA6BFE10A6E5}.Release|Any CPU.Build.0 = Release|Any CPU
		{C60E1405-C544-4EFC-B742-C7A714B94773}.Debug|Any CPU.ActiveCfg = Debug|Any CPU
		{C60E1405-C544-4EFC-B742-C7A714B94773}.Debug|Any CPU.Build.0 = Debug|Any CPU
		{C60E1405-C544-4EFC-B742-C7A714B94773}.Release|Any CPU.ActiveCfg = Release|Any CPU
		{E28CD081-F502-4082-99FA-12A8D9CF31C3}.Debug|Any CPU.ActiveCfg = Debug|Any CPU
		{E28CD081-F502-4082-99FA-12A8D9CF31C3}.Debug|Any CPU.Build.0 = Debug|Any CPU
		{E28CD081-F502-4082-99FA-12A8D9CF31C3}.Release|Any CPU.ActiveCfg = Release|Any CPU
		{E28CD081-F502-4082-99FA-12A8D9CF31C3}.Release|Any CPU.Build.0 = Release|Any CPU
	EndGlobalSection
	GlobalSection(SolutionProperties) = preSolution
		HideSolutionNode = FALSE
	EndGlobalSection
EndGlobal
