
Microsoft Visual Studio Solution File, Format Version 12.00
# Visual Studio 14
VisualStudioVersion = 14.0.23107.0
MinimumVisualStudioVersion = 10.0.40219.1
Project("{FAE04EC0-301F-11D3-BF4B-00C04F79EFBC}") = "fitSharp", "source\fitSharp\fitSharp.csproj", "{2B85B203-EFB8-4F8D-8900-BC0A617D4ADF}"
EndProject
Project("{FAE04EC0-301F-11D3-BF4B-00C04F79EFBC}") = "fitSharpTest", "source\fitSharpTest\fitSharpTest.csproj", "{7091F316-CD5F-4C49-98F7-091A16781AE2}"
EndProject
Project("{FAE04EC0-301F-11D3-BF4B-00C04F79EFBC}") = "Samples", "source\Samples\Samples.csproj", "{52D82363-C201-4C78-8B94-018B79585763}"
EndProject
Project("{FAE04EC0-301F-11D3-BF4B-00C04F79EFBC}") = "TestTarget", "source\TestTarget\TestTarget.csproj", "{1A020FF5-DF59-41CB-A38A-9963843156C6}"
EndProject
Project("{FAE04EC0-301F-11D3-BF4B-00C04F79EFBC}") = "fit", "source\fit\fit.csproj", "{11B32830-36BC-473B-9638-FB3C7FDAA422}"
EndProject
Project("{FAE04EC0-301F-11D3-BF4B-00C04F79EFBC}") = "fitTest", "source\fitTest\fitTest.csproj", "{BD51905F-01FA-4ACE-B5AB-457875AB1A2C}"
EndProject
Project("{FAE04EC0-301F-11D3-BF4B-00C04F79EFBC}") = "Runner", "source\Runner\Runner.csproj", "{2EB7CA6D-7373-48E5-97C0-D98E1560E161}"
EndProject
Project("{FAE04EC0-301F-11D3-BF4B-00C04F79EFBC}") = "RunnerW", "source\RunnerW\RunnerW.csproj", "{73A6C8F9-FB51-4D17-9BED-4BE0785CD5B0}"
EndProject
Project("{FAE04EC0-301F-11D3-BF4B-00C04F79EFBC}") = "TestTarget2", "source\TestTarget2\TestTarget2.csproj", "{538B8011-B247-46EC-A9AB-29BC5262A543}"
EndProject
Project("{FAE04EC0-301F-11D3-BF4B-00C04F79EFBC}") = "StoryTest", "source\StoryTest\StoryTest.csproj", "{D498D52D-8286-4B54-AD72-7FDDF87B327F}"
EndProject
Global
	GlobalSection(SolutionConfigurationPlatforms) = preSolution
		Debug|Any CPU = Debug|Any CPU
		Release|Any CPU = Release|Any CPU
	EndGlobalSection
	GlobalSection(ProjectConfigurationPlatforms) = postSolution
		{2B85B203-EFB8-4F8D-8900-BC0A617D4ADF}.Debug|Any CPU.ActiveCfg = Debug|Any CPU
		{2B85B203-EFB8-4F8D-8900-BC0A617D4ADF}.Debug|Any CPU.Build.0 = Debug|Any CPU
		{2B85B203-EFB8-4F8D-8900-BC0A617D4ADF}.Release|Any CPU.ActiveCfg = Release|Any CPU
		{2B85B203-EFB8-4F8D-8900-BC0A617D4ADF}.Release|Any CPU.Build.0 = Release|Any CPU
		{7091F316-CD5F-4C49-98F7-091A16781AE2}.Debug|Any CPU.ActiveCfg = Debug|Any CPU
		{7091F316-CD5F-4C49-98F7-091A16781AE2}.Debug|Any CPU.Build.0 = Debug|Any CPU
		{7091F316-CD5F-4C49-98F7-091A16781AE2}.Release|Any CPU.ActiveCfg = Release|Any CPU
		{7091F316-CD5F-4C49-98F7-091A16781AE2}.Release|Any CPU.Build.0 = Release|Any CPU
		{52D82363-C201-4C78-8B94-018B79585763}.Debug|Any CPU.ActiveCfg = Debug|Any CPU
		{52D82363-C201-4C78-8B94-018B79585763}.Debug|Any CPU.Build.0 = Debug|Any CPU
		{52D82363-C201-4C78-8B94-018B79585763}.Release|Any CPU.ActiveCfg = Release|Any CPU
		{52D82363-C201-4C78-8B94-018B79585763}.Release|Any CPU.Build.0 = Release|Any CPU
		{1A020FF5-DF59-41CB-A38A-9963843156C6}.Debug|Any CPU.ActiveCfg = Debug|Any CPU
		{1A020FF5-DF59-41CB-A38A-9963843156C6}.Debug|Any CPU.Build.0 = Debug|Any CPU
		{1A020FF5-DF59-41CB-A38A-9963843156C6}.Release|Any CPU.ActiveCfg = Release|Any CPU
		{1A020FF5-DF59-41CB-A38A-9963843156C6}.Release|Any CPU.Build.0 = Release|Any CPU
		{11B32830-36BC-473B-9638-FB3C7FDAA422}.Debug|Any CPU.ActiveCfg = Debug|Any CPU
		{11B32830-36BC-473B-9638-FB3C7FDAA422}.Debug|Any CPU.Build.0 = Debug|Any CPU
		{11B32830-36BC-473B-9638-FB3C7FDAA422}.Release|Any CPU.ActiveCfg = Release|Any CPU
		{11B32830-36BC-473B-9638-FB3C7FDAA422}.Release|Any CPU.Build.0 = Release|Any CPU
		{BD51905F-01FA-4ACE-B5AB-457875AB1A2C}.Debug|Any CPU.ActiveCfg = Debug|Any CPU
		{BD51905F-01FA-4ACE-B5AB-457875AB1A2C}.Debug|Any CPU.Build.0 = Debug|Any CPU
		{BD51905F-01FA-4ACE-B5AB-457875AB1A2C}.Release|Any CPU.ActiveCfg = Release|Any CPU
		{BD51905F-01FA-4ACE-B5AB-457875AB1A2C}.Release|Any CPU.Build.0 = Release|Any CPU
		{2EB7CA6D-7373-48E5-97C0-D98E1560E161}.Debug|Any CPU.ActiveCfg = Debug|Any CPU
		{2EB7CA6D-7373-48E5-97C0-D98E1560E161}.Debug|Any CPU.Build.0 = Debug|Any CPU
		{2EB7CA6D-7373-48E5-97C0-D98E1560E161}.Release|Any CPU.ActiveCfg = Release|Any CPU
		{2EB7CA6D-7373-48E5-97C0-D98E1560E161}.Release|Any CPU.Build.0 = Release|Any CPU
		{73A6C8F9-FB51-4D17-9BED-4BE0785CD5B0}.Debug|Any CPU.ActiveCfg = Debug|Any CPU
		{73A6C8F9-FB51-4D17-9BED-4BE0785CD5B0}.Debug|Any CPU.Build.0 = Debug|Any CPU
		{73A6C8F9-FB51-4D17-9BED-4BE0785CD5B0}.Release|Any CPU.ActiveCfg = Release|Any CPU
		{73A6C8F9-FB51-4D17-9BED-4BE0785CD5B0}.Release|Any CPU.Build.0 = Release|Any CPU
		{538B8011-B247-46EC-A9AB-29BC5262A543}.Debug|Any CPU.ActiveCfg = Debug|Any CPU
		{538B8011-B247-46EC-A9AB-29BC5262A543}.Debug|Any CPU.Build.0 = Debug|Any CPU
		{538B8011-B247-46EC-A9AB-29BC5262A543}.Release|Any CPU.ActiveCfg = Release|Any CPU
		{538B8011-B247-46EC-A9AB-29BC5262A543}.Release|Any CPU.Build.0 = Release|Any CPU
		{D498D52D-8286-4B54-AD72-7FDDF87B327F}.Debug|Any CPU.ActiveCfg = Debug|Any CPU
		{D498D52D-8286-4B54-AD72-7FDDF87B327F}.Debug|Any CPU.Build.0 = Debug|Any CPU
		{D498D52D-8286-4B54-AD72-7FDDF87B327F}.Release|Any CPU.ActiveCfg = Release|Any CPU
		{D498D52D-8286-4B54-AD72-7FDDF87B327F}.Release|Any CPU.Build.0 = Release|Any CPU
	EndGlobalSection
	GlobalSection(SolutionProperties) = preSolution
		HideSolutionNode = FALSE
	EndGlobalSection
EndGlobal
